// !$*UTF8*$!
{
	archiveVersion = 1;
	classes = {
	};
	objectVersion = 55;
	objects = {

/* Begin PBXBuildFile section */
		7F3B9DF228B7A962007778FA /* DirectoryAppTests.swift in Sources */ = {isa = PBXBuildFile; fileRef = 7F3B9DF128B7A962007778FA /* DirectoryAppTests.swift */; };
		7F3B9DF928B7A9E5007778FA /* peopleAPIUnitTest.swift in Sources */ = {isa = PBXBuildFile; fileRef = 7F3B9DF828B7A9E5007778FA /* peopleAPIUnitTest.swift */; };
		7F3B9DFE28B7C7C6007778FA /* roomsAPIUnitTest.swift in Sources */ = {isa = PBXBuildFile; fileRef = 7F3B9DFD28B7C7C6007778FA /* roomsAPIUnitTest.swift */; };
		7F3B9E0028B8C769007778FA /* NetworkManagerProtocol.swift in Sources */ = {isa = PBXBuildFile; fileRef = 7F3B9DFF28B8C769007778FA /* NetworkManagerProtocol.swift */; };
		7F3B9E0328B8C8A2007778FA /* MockDataForPeopleAPI.swift in Sources */ = {isa = PBXBuildFile; fileRef = 7F3B9E0228B8C8A2007778FA /* MockDataForPeopleAPI.swift */; };
		7FD01AE728AD01D8003C239D /* AppDelegate.swift in Sources */ = {isa = PBXBuildFile; fileRef = 7FD01AE628AD01D8003C239D /* AppDelegate.swift */; };
		7FD01AE928AD01D8003C239D /* SceneDelegate.swift in Sources */ = {isa = PBXBuildFile; fileRef = 7FD01AE828AD01D8003C239D /* SceneDelegate.swift */; };
		7FD01AEB28AD01D8003C239D /* MainTabBarViewController.swift in Sources */ = {isa = PBXBuildFile; fileRef = 7FD01AEA28AD01D8003C239D /* MainTabBarViewController.swift */; };
		7FD01AEE28AD01D8003C239D /* Main.storyboard in Resources */ = {isa = PBXBuildFile; fileRef = 7FD01AEC28AD01D8003C239D /* Main.storyboard */; };
		7FD01AF028AD01D9003C239D /* Assets.xcassets in Resources */ = {isa = PBXBuildFile; fileRef = 7FD01AEF28AD01D9003C239D /* Assets.xcassets */; };
		7FD01AF328AD01D9003C239D /* LaunchScreen.storyboard in Resources */ = {isa = PBXBuildFile; fileRef = 7FD01AF128AD01D9003C239D /* LaunchScreen.storyboard */; };
		7FD01AFD28AD0320003C239D /* People.swift in Sources */ = {isa = PBXBuildFile; fileRef = 7FD01AFC28AD0320003C239D /* People.swift */; };
		7FD01AFF28AD0363003C239D /* Room.swift in Sources */ = {isa = PBXBuildFile; fileRef = 7FD01AFE28AD0363003C239D /* Room.swift */; };
		7FD01B0228AD0480003C239D /* NetworkManager.swift in Sources */ = {isa = PBXBuildFile; fileRef = 7FD01B0128AD0480003C239D /* NetworkManager.swift */; };
		7FD01B0428AD049C003C239D /* NetworkError.swift in Sources */ = {isa = PBXBuildFile; fileRef = 7FD01B0328AD049C003C239D /* NetworkError.swift */; };
		7FD01B0628AD050F003C239D /* ImageCache.swift in Sources */ = {isa = PBXBuildFile; fileRef = 7FD01B0528AD050F003C239D /* ImageCache.swift */; };
		7FD01B0928AD0660003C239D /* RoomsViewController.swift in Sources */ = {isa = PBXBuildFile; fileRef = 7FD01B0828AD0660003C239D /* RoomsViewController.swift */; };
		7FD01B0B28AD06F6003C239D /* PeopleViewController.swift in Sources */ = {isa = PBXBuildFile; fileRef = 7FD01B0A28AD06F6003C239D /* PeopleViewController.swift */; };
		7FD01B1028AD3A35003C239D /* RoomTableViewCell.swift in Sources */ = {isa = PBXBuildFile; fileRef = 7FD01B0F28AD3A35003C239D /* RoomTableViewCell.swift */; };
		7FD01B1228AD3A42003C239D /* PeopleTableViewCell.swift in Sources */ = {isa = PBXBuildFile; fileRef = 7FD01B1128AD3A42003C239D /* PeopleTableViewCell.swift */; };
		7FD01B1428ADD516003C239D /* PeopleDetailViewController.swift in Sources */ = {isa = PBXBuildFile; fileRef = 7FD01B1328ADD516003C239D /* PeopleDetailViewController.swift */; };
/* End PBXBuildFile section */

/* Begin PBXContainerItemProxy section */
		7F3B9DF328B7A962007778FA /* PBXContainerItemProxy */ = {
			isa = PBXContainerItemProxy;
			containerPortal = 7FD01ADB28AD01D8003C239D /* Project object */;
			proxyType = 1;
			remoteGlobalIDString = 7FD01AE228AD01D8003C239D;
			remoteInfo = DirectoryApp;
		};
/* End PBXContainerItemProxy section */

/* Begin PBXFileReference section */
		7F3B9DEF28B7A962007778FA /* DirectoryAppTests.xctest */ = {isa = PBXFileReference; explicitFileType = wrapper.cfbundle; includeInIndex = 0; path = DirectoryAppTests.xctest; sourceTree = BUILT_PRODUCTS_DIR; };
		7F3B9DF128B7A962007778FA /* DirectoryAppTests.swift */ = {isa = PBXFileReference; lastKnownFileType = sourcecode.swift; path = DirectoryAppTests.swift; sourceTree = "<group>"; };
		7F3B9DF828B7A9E5007778FA /* peopleAPIUnitTest.swift */ = {isa = PBXFileReference; lastKnownFileType = sourcecode.swift; path = peopleAPIUnitTest.swift; sourceTree = "<group>"; };
		7F3B9DFD28B7C7C6007778FA /* roomsAPIUnitTest.swift */ = {isa = PBXFileReference; lastKnownFileType = sourcecode.swift; path = roomsAPIUnitTest.swift; sourceTree = "<group>"; };
		7F3B9DFF28B8C769007778FA /* NetworkManagerProtocol.swift */ = {isa = PBXFileReference; lastKnownFileType = sourcecode.swift; path = NetworkManagerProtocol.swift; sourceTree = "<group>"; };
		7F3B9E0228B8C8A2007778FA /* MockDataForPeopleAPI.swift */ = {isa = PBXFileReference; lastKnownFileType = sourcecode.swift; path = MockDataForPeopleAPI.swift; sourceTree = "<group>"; };
		7FD01AE328AD01D8003C239D /* DirectoryApp.app */ = {isa = PBXFileReference; explicitFileType = wrapper.application; includeInIndex = 0; path = DirectoryApp.app; sourceTree = BUILT_PRODUCTS_DIR; };
		7FD01AE628AD01D8003C239D /* AppDelegate.swift */ = {isa = PBXFileReference; lastKnownFileType = sourcecode.swift; path = AppDelegate.swift; sourceTree = "<group>"; };
		7FD01AE828AD01D8003C239D /* SceneDelegate.swift */ = {isa = PBXFileReference; lastKnownFileType = sourcecode.swift; path = SceneDelegate.swift; sourceTree = "<group>"; };
		7FD01AEA28AD01D8003C239D /* MainTabBarViewController.swift */ = {isa = PBXFileReference; lastKnownFileType = sourcecode.swift; path = MainTabBarViewController.swift; sourceTree = "<group>"; };
		7FD01AED28AD01D8003C239D /* Base */ = {isa = PBXFileReference; lastKnownFileType = file.storyboard; name = Base; path = Base.lproj/Main.storyboard; sourceTree = "<group>"; };
		7FD01AEF28AD01D9003C239D /* Assets.xcassets */ = {isa = PBXFileReference; lastKnownFileType = folder.assetcatalog; path = Assets.xcassets; sourceTree = "<group>"; };
		7FD01AF228AD01D9003C239D /* Base */ = {isa = PBXFileReference; lastKnownFileType = file.storyboard; name = Base; path = Base.lproj/LaunchScreen.storyboard; sourceTree = "<group>"; };
		7FD01AF428AD01D9003C239D /* Info.plist */ = {isa = PBXFileReference; lastKnownFileType = text.plist.xml; path = Info.plist; sourceTree = "<group>"; };
		7FD01AFC28AD0320003C239D /* People.swift */ = {isa = PBXFileReference; lastKnownFileType = sourcecode.swift; path = People.swift; sourceTree = "<group>"; };
		7FD01AFE28AD0363003C239D /* Room.swift */ = {isa = PBXFileReference; lastKnownFileType = sourcecode.swift; path = Room.swift; sourceTree = "<group>"; };
		7FD01B0128AD0480003C239D /* NetworkManager.swift */ = {isa = PBXFileReference; lastKnownFileType = sourcecode.swift; path = NetworkManager.swift; sourceTree = "<group>"; };
		7FD01B0328AD049C003C239D /* NetworkError.swift */ = {isa = PBXFileReference; lastKnownFileType = sourcecode.swift; path = NetworkError.swift; sourceTree = "<group>"; };
		7FD01B0528AD050F003C239D /* ImageCache.swift */ = {isa = PBXFileReference; lastKnownFileType = sourcecode.swift; path = ImageCache.swift; sourceTree = "<group>"; };
		7FD01B0828AD0660003C239D /* RoomsViewController.swift */ = {isa = PBXFileReference; lastKnownFileType = sourcecode.swift; path = RoomsViewController.swift; sourceTree = "<group>"; };
		7FD01B0A28AD06F6003C239D /* PeopleViewController.swift */ = {isa = PBXFileReference; lastKnownFileType = sourcecode.swift; path = PeopleViewController.swift; sourceTree = "<group>"; };
		7FD01B0F28AD3A35003C239D /* RoomTableViewCell.swift */ = {isa = PBXFileReference; lastKnownFileType = sourcecode.swift; path = RoomTableViewCell.swift; sourceTree = "<group>"; };
		7FD01B1128AD3A42003C239D /* PeopleTableViewCell.swift */ = {isa = PBXFileReference; lastKnownFileType = sourcecode.swift; path = PeopleTableViewCell.swift; sourceTree = "<group>"; };
		7FD01B1328ADD516003C239D /* PeopleDetailViewController.swift */ = {isa = PBXFileReference; lastKnownFileType = sourcecode.swift; path = PeopleDetailViewController.swift; sourceTree = "<group>"; };
/* End PBXFileReference section */

/* Begin PBXFrameworksBuildPhase section */
		7F3B9DEC28B7A962007778FA /* Frameworks */ = {
			isa = PBXFrameworksBuildPhase;
			buildActionMask = 2147483647;
			files = (
			);
			runOnlyForDeploymentPostprocessing = 0;
		};
		7FD01AE028AD01D8003C239D /* Frameworks */ = {
			isa = PBXFrameworksBuildPhase;
			buildActionMask = 2147483647;
			files = (
			);
			runOnlyForDeploymentPostprocessing = 0;
		};
/* End PBXFrameworksBuildPhase section */

/* Begin PBXGroup section */
		7F3B9DF028B7A962007778FA /* DirectoryAppTests */ = {
			isa = PBXGroup;
			children = (
				7F3B9E0128B8C84C007778FA /* Mocks */,
				7F3B9DF128B7A962007778FA /* DirectoryAppTests.swift */,
				7F3B9DF828B7A9E5007778FA /* peopleAPIUnitTest.swift */,
				7F3B9DFD28B7C7C6007778FA /* roomsAPIUnitTest.swift */,
			);
			path = DirectoryAppTests;
			sourceTree = "<group>";
		};
		7F3B9E0128B8C84C007778FA /* Mocks */ = {
			isa = PBXGroup;
			children = (
				7F3B9E0228B8C8A2007778FA /* MockDataForPeopleAPI.swift */,
			);
			path = Mocks;
			sourceTree = "<group>";
		};
		7FD01ADA28AD01D8003C239D = {
			isa = PBXGroup;
			children = (
				7FD01AE528AD01D8003C239D /* DirectoryApp */,
				7F3B9DF028B7A962007778FA /* DirectoryAppTests */,
				7FD01AE428AD01D8003C239D /* Products */,
			);
			sourceTree = "<group>";
		};
		7FD01AE428AD01D8003C239D /* Products */ = {
			isa = PBXGroup;
			children = (
				7FD01AE328AD01D8003C239D /* DirectoryApp.app */,
				7F3B9DEF28B7A962007778FA /* DirectoryAppTests.xctest */,
			);
			name = Products;
			sourceTree = "<group>";
		};
		7FD01AE528AD01D8003C239D /* DirectoryApp */ = {
			isa = PBXGroup;
			children = (
				7FD01AFA28AD0287003C239D /* Model */,
				7FD01AFB28AD0297003C239D /* View */,
				7FD01B0728AD057A003C239D /* Controller */,
				7FD01B0028AD0385003C239D /* Service */,
				7FD01AE628AD01D8003C239D /* AppDelegate.swift */,
				7FD01AE828AD01D8003C239D /* SceneDelegate.swift */,
				7FD01AEC28AD01D8003C239D /* Main.storyboard */,
				7FD01AEF28AD01D9003C239D /* Assets.xcassets */,
				7FD01AF128AD01D9003C239D /* LaunchScreen.storyboard */,
				7FD01AF428AD01D9003C239D /* Info.plist */,
			);
			path = DirectoryApp;
			sourceTree = "<group>";
		};
		7FD01AFA28AD0287003C239D /* Model */ = {
			isa = PBXGroup;
			children = (
				7FD01AFC28AD0320003C239D /* People.swift */,
				7FD01AFE28AD0363003C239D /* Room.swift */,
				7F3B9DFF28B8C769007778FA /* NetworkManagerProtocol.swift */,
			);
			path = Model;
			sourceTree = "<group>";
		};
		7FD01AFB28AD0297003C239D /* View */ = {
			isa = PBXGroup;
			children = (
				7FD01B0F28AD3A35003C239D /* RoomTableViewCell.swift */,
				7FD01B1128AD3A42003C239D /* PeopleTableViewCell.swift */,
			);
			path = View;
			sourceTree = "<group>";
		};
		7FD01B0028AD0385003C239D /* Service */ = {
			isa = PBXGroup;
			children = (
				7FD01B0128AD0480003C239D /* NetworkManager.swift */,
				7FD01B0328AD049C003C239D /* NetworkError.swift */,
				7FD01B0528AD050F003C239D /* ImageCache.swift */,
			);
			path = Service;
			sourceTree = "<group>";
		};
		7FD01B0728AD057A003C239D /* Controller */ = {
			isa = PBXGroup;
			children = (
				7FD01AEA28AD01D8003C239D /* MainTabBarViewController.swift */,
				7FD01B0828AD0660003C239D /* RoomsViewController.swift */,
				7FD01B0A28AD06F6003C239D /* PeopleViewController.swift */,
				7FD01B1328ADD516003C239D /* PeopleDetailViewController.swift */,
			);
			path = Controller;
			sourceTree = "<group>";
		};
/* End PBXGroup section */

/* Begin PBXNativeTarget section */
		7F3B9DEE28B7A962007778FA /* DirectoryAppTests */ = {
			isa = PBXNativeTarget;
			buildConfigurationList = 7F3B9DF728B7A962007778FA /* Build configuration list for PBXNativeTarget "DirectoryAppTests" */;
			buildPhases = (
				7F3B9DEB28B7A962007778FA /* Sources */,
				7F3B9DEC28B7A962007778FA /* Frameworks */,
				7F3B9DED28B7A962007778FA /* Resources */,
			);
			buildRules = (
			);
			dependencies = (
				7F3B9DF428B7A962007778FA /* PBXTargetDependency */,
			);
			name = DirectoryAppTests;
			productName = DirectoryAppTests;
			productReference = 7F3B9DEF28B7A962007778FA /* DirectoryAppTests.xctest */;
			productType = "com.apple.product-type.bundle.unit-test";
		};
		7FD01AE228AD01D8003C239D /* DirectoryApp */ = {
			isa = PBXNativeTarget;
			buildConfigurationList = 7FD01AF728AD01D9003C239D /* Build configuration list for PBXNativeTarget "DirectoryApp" */;
			buildPhases = (
				7FD01ADF28AD01D8003C239D /* Sources */,
				7FD01AE028AD01D8003C239D /* Frameworks */,
				7FD01AE128AD01D8003C239D /* Resources */,
			);
			buildRules = (
			);
			dependencies = (
			);
			name = DirectoryApp;
			productName = DirectoryApp;
			productReference = 7FD01AE328AD01D8003C239D /* DirectoryApp.app */;
			productType = "com.apple.product-type.application";
		};
/* End PBXNativeTarget section */

/* Begin PBXProject section */
		7FD01ADB28AD01D8003C239D /* Project object */ = {
			isa = PBXProject;
			attributes = {
				BuildIndependentTargetsInParallel = 1;
				LastSwiftUpdateCheck = 1340;
				LastUpgradeCheck = 1340;
				TargetAttributes = {
					7F3B9DEE28B7A962007778FA = {
						CreatedOnToolsVersion = 13.4.1;
						TestTargetID = 7FD01AE228AD01D8003C239D;
					};
					7FD01AE228AD01D8003C239D = {
						CreatedOnToolsVersion = 13.4.1;
					};
				};
			};
			buildConfigurationList = 7FD01ADE28AD01D8003C239D /* Build configuration list for PBXProject "DirectoryApp" */;
			compatibilityVersion = "Xcode 13.0";
			developmentRegion = en;
			hasScannedForEncodings = 0;
			knownRegions = (
				en,
				Base,
			);
			mainGroup = 7FD01ADA28AD01D8003C239D;
			productRefGroup = 7FD01AE428AD01D8003C239D /* Products */;
			projectDirPath = "";
			projectRoot = "";
			targets = (
				7FD01AE228AD01D8003C239D /* DirectoryApp */,
				7F3B9DEE28B7A962007778FA /* DirectoryAppTests */,
			);
		};
/* End PBXProject section */

/* Begin PBXResourcesBuildPhase section */
		7F3B9DED28B7A962007778FA /* Resources */ = {
			isa = PBXResourcesBuildPhase;
			buildActionMask = 2147483647;
			files = (
			);
			runOnlyForDeploymentPostprocessing = 0;
		};
		7FD01AE128AD01D8003C239D /* Resources */ = {
			isa = PBXResourcesBuildPhase;
			buildActionMask = 2147483647;
			files = (
				7FD01AF328AD01D9003C239D /* LaunchScreen.storyboard in Resources */,
				7FD01AF028AD01D9003C239D /* Assets.xcassets in Resources */,
				7FD01AEE28AD01D8003C239D /* Main.storyboard in Resources */,
			);
			runOnlyForDeploymentPostprocessing = 0;
		};
/* End PBXResourcesBuildPhase section */

/* Begin PBXSourcesBuildPhase section */
		7F3B9DEB28B7A962007778FA /* Sources */ = {
			isa = PBXSourcesBuildPhase;
			buildActionMask = 2147483647;
			files = (
				7F3B9DF228B7A962007778FA /* DirectoryAppTests.swift in Sources */,
				7F3B9DFE28B7C7C6007778FA /* roomsAPIUnitTest.swift in Sources */,
				7F3B9DF928B7A9E5007778FA /* peopleAPIUnitTest.swift in Sources */,
				7F3B9E0328B8C8A2007778FA /* MockDataForPeopleAPI.swift in Sources */,
			);
			runOnlyForDeploymentPostprocessing = 0;
		};
		7FD01ADF28AD01D8003C239D /* Sources */ = {
			isa = PBXSourcesBuildPhase;
			buildActionMask = 2147483647;
			files = (
				7F3B9E0028B8C769007778FA /* NetworkManagerProtocol.swift in Sources */,
				7FD01B0228AD0480003C239D /* NetworkManager.swift in Sources */,
				7FD01B0428AD049C003C239D /* NetworkError.swift in Sources */,
				7FD01B0628AD050F003C239D /* ImageCache.swift in Sources */,
				7FD01AFD28AD0320003C239D /* People.swift in Sources */,
				7FD01B0928AD0660003C239D /* RoomsViewController.swift in Sources */,
				7FD01B0B28AD06F6003C239D /* PeopleViewController.swift in Sources */,
				7FD01AEB28AD01D8003C239D /* MainTabBarViewController.swift in Sources */,
				7FD01B1028AD3A35003C239D /* RoomTableViewCell.swift in Sources */,
				7FD01B1228AD3A42003C239D /* PeopleTableViewCell.swift in Sources */,
				7FD01B1428ADD516003C239D /* PeopleDetailViewController.swift in Sources */,
				7FD01AE728AD01D8003C239D /* AppDelegate.swift in Sources */,
				7FD01AE928AD01D8003C239D /* SceneDelegate.swift in Sources */,
				7FD01AFF28AD0363003C239D /* Room.swift in Sources */,
			);
			runOnlyForDeploymentPostprocessing = 0;
		};
/* End PBXSourcesBuildPhase section */

/* Begin PBXTargetDependency section */
		7F3B9DF428B7A962007778FA /* PBXTargetDependency */ = {
			isa = PBXTargetDependency;
			target = 7FD01AE228AD01D8003C239D /* DirectoryApp */;
			targetProxy = 7F3B9DF328B7A962007778FA /* PBXContainerItemProxy */;
		};
/* End PBXTargetDependency section */

/* Begin PBXVariantGroup section */
		7FD01AEC28AD01D8003C239D /* Main.storyboard */ = {
			isa = PBXVariantGroup;
			children = (
				7FD01AED28AD01D8003C239D /* Base */,
			);
			name = Main.storyboard;
			sourceTree = "<group>";
		};
		7FD01AF128AD01D9003C239D /* LaunchScreen.storyboard */ = {
			isa = PBXVariantGroup;
			children = (
				7FD01AF228AD01D9003C239D /* Base */,
			);
			name = LaunchScreen.storyboard;
			sourceTree = "<group>";
		};
/* End PBXVariantGroup section */

/* Begin XCBuildConfiguration section */
		7F3B9DF528B7A962007778FA /* Debug */ = {
			isa = XCBuildConfiguration;
			buildSettings = {
				BUNDLE_LOADER = "$(TEST_HOST)";
				CODE_SIGN_STYLE = Automatic;
				CURRENT_PROJECT_VERSION = 1;
				DEVELOPMENT_TEAM = P44D949A2Q;
				GENERATE_INFOPLIST_FILE = YES;
				MARKETING_VERSION = 1.0;
				PRODUCT_BUNDLE_IDENTIFIER = co.directoryap.DirectoryAppTests;
				PRODUCT_NAME = "$(TARGET_NAME)";
				SWIFT_EMIT_LOC_STRINGS = NO;
				SWIFT_VERSION = 5.0;
				TARGETED_DEVICE_FAMILY = "1,2";
				TEST_HOST = "$(BUILT_PRODUCTS_DIR)/DirectoryApp.app/DirectoryApp";
			};
			name = Debug;
		};
		7F3B9DF628B7A962007778FA /* Release */ = {
			isa = XCBuildConfiguration;
			buildSettings = {
				BUNDLE_LOADER = "$(TEST_HOST)";
				CODE_SIGN_STYLE = Automatic;
				CURRENT_PROJECT_VERSION = 1;
				DEVELOPMENT_TEAM = P44D949A2Q;
				GENERATE_INFOPLIST_FILE = YES;
				MARKETING_VERSION = 1.0;
				PRODUCT_BUNDLE_IDENTIFIER = co.directoryap.DirectoryAppTests;
				PRODUCT_NAME = "$(TARGET_NAME)";
				SWIFT_EMIT_LOC_STRINGS = NO;
				SWIFT_VERSION = 5.0;
				TARGETED_DEVICE_FAMILY = "1,2";
				TEST_HOST = "$(BUILT_PRODUCTS_DIR)/DirectoryApp.app/DirectoryApp";
			};
			name = Release;
		};
		7FD01AF528AD01D9003C239D /* Debug */ = {
			isa = XCBuildConfiguration;
			buildSettings = {
				ALWAYS_SEARCH_USER_PATHS = NO;
				CLANG_ANALYZER_NONNULL = YES;
				CLANG_ANALYZER_NUMBER_OBJECT_CONVERSION = YES_AGGRESSIVE;
				CLANG_CXX_LANGUAGE_STANDARD = "gnu++17";
				CLANG_ENABLE_MODULES = YES;
				CLANG_ENABLE_OBJC_ARC = YES;
				CLANG_ENABLE_OBJC_WEAK = YES;
				CLANG_WARN_BLOCK_CAPTURE_AUTORELEASING = YES;
				CLANG_WARN_BOOL_CONVERSION = YES;
				CLANG_WARN_COMMA = YES;
				CLANG_WARN_CONSTANT_CONVERSION = YES;
				CLANG_WARN_DEPRECATED_OBJC_IMPLEMENTATIONS = YES;
				CLANG_WARN_DIRECT_OBJC_ISA_USAGE = YES_ERROR;
				CLANG_WARN_DOCUMENTATION_COMMENTS = YES;
				CLANG_WARN_EMPTY_BODY = YES;
				CLANG_WARN_ENUM_CONVERSION = YES;
				CLANG_WARN_INFINITE_RECURSION = YES;
				CLANG_WARN_INT_CONVERSION = YES;
				CLANG_WARN_NON_LITERAL_NULL_CONVERSION = YES;
				CLANG_WARN_OBJC_IMPLICIT_RETAIN_SELF = YES;
				CLANG_WARN_OBJC_LITERAL_CONVERSION = YES;
				CLANG_WARN_OBJC_ROOT_CLASS = YES_ERROR;
				CLANG_WARN_QUOTED_INCLUDE_IN_FRAMEWORK_HEADER = YES;
				CLANG_WARN_RANGE_LOOP_ANALYSIS = YES;
				CLANG_WARN_STRICT_PROTOTYPES = YES;
				CLANG_WARN_SUSPICIOUS_MOVE = YES;
				CLANG_WARN_UNGUARDED_AVAILABILITY = YES_AGGRESSIVE;
				CLANG_WARN_UNREACHABLE_CODE = YES;
				CLANG_WARN__DUPLICATE_METHOD_MATCH = YES;
				COPY_PHASE_STRIP = NO;
				DEBUG_INFORMATION_FORMAT = dwarf;
				ENABLE_STRICT_OBJC_MSGSEND = YES;
				ENABLE_TESTABILITY = YES;
				GCC_C_LANGUAGE_STANDARD = gnu11;
				GCC_DYNAMIC_NO_PIC = NO;
				GCC_NO_COMMON_BLOCKS = YES;
				GCC_OPTIMIZATION_LEVEL = 0;
				GCC_PREPROCESSOR_DEFINITIONS = (
					"DEBUG=1",
					"$(inherited)",
				);
				GCC_WARN_64_TO_32_BIT_CONVERSION = YES;
				GCC_WARN_ABOUT_RETURN_TYPE = YES_ERROR;
				GCC_WARN_UNDECLARED_SELECTOR = YES;
				GCC_WARN_UNINITIALIZED_AUTOS = YES_AGGRESSIVE;
				GCC_WARN_UNUSED_FUNCTION = YES;
				GCC_WARN_UNUSED_VARIABLE = YES;
				IPHONEOS_DEPLOYMENT_TARGET = 15.5;
				MTL_ENABLE_DEBUG_INFO = INCLUDE_SOURCE;
				MTL_FAST_MATH = YES;
				ONLY_ACTIVE_ARCH = YES;
				SDKROOT = iphoneos;
				SWIFT_ACTIVE_COMPILATION_CONDITIONS = DEBUG;
				SWIFT_OPTIMIZATION_LEVEL = "-Onone";
			};
			name = Debug;
		};
		7FD01AF628AD01D9003C239D /* Release */ = {
			isa = XCBuildConfiguration;
			buildSettings = {
				ALWAYS_SEARCH_USER_PATHS = NO;
				CLANG_ANALYZER_NONNULL = YES;
				CLANG_ANALYZER_NUMBER_OBJECT_CONVERSION = YES_AGGRESSIVE;
				CLANG_CXX_LANGUAGE_STANDARD = "gnu++17";
				CLANG_ENABLE_MODULES = YES;
				CLANG_ENABLE_OBJC_ARC = YES;
				CLANG_ENABLE_OBJC_WEAK = YES;
				CLANG_WARN_BLOCK_CAPTURE_AUTORELEASING = YES;
				CLANG_WARN_BOOL_CONVERSION = YES;
				CLANG_WARN_COMMA = YES;
				CLANG_WARN_CONSTANT_CONVERSION = YES;
				CLANG_WARN_DEPRECATED_OBJC_IMPLEMENTATIONS = YES;
				CLANG_WARN_DIRECT_OBJC_ISA_USAGE = YES_ERROR;
				CLANG_WARN_DOCUMENTATION_COMMENTS = YES;
				CLANG_WARN_EMPTY_BODY = YES;
				CLANG_WARN_ENUM_CONVERSION = YES;
				CLANG_WARN_INFINITE_RECURSION = YES;
				CLANG_WARN_INT_CONVERSION = YES;
				CLANG_WARN_NON_LITERAL_NULL_CONVERSION = YES;
				CLANG_WARN_OBJC_IMPLICIT_RETAIN_SELF = YES;
				CLANG_WARN_OBJC_LITERAL_CONVERSION = YES;
				CLANG_WARN_OBJC_ROOT_CLASS = YES_ERROR;
				CLANG_WARN_QUOTED_INCLUDE_IN_FRAMEWORK_HEADER = YES;
				CLANG_WARN_RANGE_LOOP_ANALYSIS = YES;
				CLANG_WARN_STRICT_PROTOTYPES = YES;
				CLANG_WARN_SUSPICIOUS_MOVE = YES;
				CLANG_WARN_UNGUARDED_AVAILABILITY = YES_AGGRESSIVE;
				CLANG_WARN_UNREACHABLE_CODE = YES;
				CLANG_WARN__DUPLICATE_METHOD_MATCH = YES;
				COPY_PHASE_STRIP = NO;
				DEBUG_INFORMATION_FORMAT = "dwarf-with-dsym";
				ENABLE_NS_ASSERTIONS = NO;
				ENABLE_STRICT_OBJC_MSGSEND = YES;
				GCC_C_LANGUAGE_STANDARD = gnu11;
				GCC_NO_COMMON_BLOCKS = YES;
				GCC_WARN_64_TO_32_BIT_CONVERSION = YES;
				GCC_WARN_ABOUT_RETURN_TYPE = YES_ERROR;
				GCC_WARN_UNDECLARED_SELECTOR = YES;
				GCC_WARN_UNINITIALIZED_AUTOS = YES_AGGRESSIVE;
				GCC_WARN_UNUSED_FUNCTION = YES;
				GCC_WARN_UNUSED_VARIABLE = YES;
				IPHONEOS_DEPLOYMENT_TARGET = 15.5;
				MTL_ENABLE_DEBUG_INFO = NO;
				MTL_FAST_MATH = YES;
				SDKROOT = iphoneos;
				SWIFT_COMPILATION_MODE = wholemodule;
				SWIFT_OPTIMIZATION_LEVEL = "-O";
				VALIDATE_PRODUCT = YES;
			};
			name = Release;
		};
		7FD01AF828AD01D9003C239D /* Debug */ = {
			isa = XCBuildConfiguration;
			buildSettings = {
				ASSETCATALOG_COMPILER_APPICON_NAME = AppIcon;
				ASSETCATALOG_COMPILER_GLOBAL_ACCENT_COLOR_NAME = AccentColor;
				CODE_SIGN_STYLE = Automatic;
				CURRENT_PROJECT_VERSION = 1;
				DEVELOPMENT_TEAM = P44D949A2Q;
				GENERATE_INFOPLIST_FILE = YES;
				INFOPLIST_FILE = DirectoryApp/Info.plist;
				INFOPLIST_KEY_UIApplicationSupportsIndirectInputEvents = YES;
				INFOPLIST_KEY_UILaunchStoryboardName = LaunchScreen;
				INFOPLIST_KEY_UIMainStoryboardFile = Main;
				INFOPLIST_KEY_UISupportedInterfaceOrientations_iPad = "UIInterfaceOrientationPortrait UIInterfaceOrientationPortraitUpsideDown UIInterfaceOrientationLandscapeLeft UIInterfaceOrientationLandscapeRight";
				INFOPLIST_KEY_UISupportedInterfaceOrientations_iPhone = "UIInterfaceOrientationPortrait UIInterfaceOrientationLandscapeLeft UIInterfaceOrientationLandscapeRight";
				LD_RUNPATH_SEARCH_PATHS = (
					"$(inherited)",
					"@executable_path/Frameworks",
				);
				MARKETING_VERSION = 1.0;
				PRODUCT_BUNDLE_IDENTIFIER = co.directoryap.DirectoryApp;
				PRODUCT_NAME = "$(TARGET_NAME)";
				SWIFT_EMIT_LOC_STRINGS = YES;
				SWIFT_VERSION = 5.0;
				TARGETED_DEVICE_FAMILY = "1,2";
			};
			name = Debug;
		};
		7FD01AF928AD01D9003C239D /* Release */ = {
			isa = XCBuildConfiguration;
			buildSettings = {
				ASSETCATALOG_COMPILER_APPICON_NAME = AppIcon;
				ASSETCATALOG_COMPILER_GLOBAL_ACCENT_COLOR_NAME = AccentColor;
				CODE_SIGN_STYLE = Automatic;
				CURRENT_PROJECT_VERSION = 1;
				DEVELOPMENT_TEAM = P44D949A2Q;
				GENERATE_INFOPLIST_FILE = YES;
				INFOPLIST_FILE = DirectoryApp/Info.plist;
				INFOPLIST_KEY_UIApplicationSupportsIndirectInputEvents = YES;
				INFOPLIST_KEY_UILaunchStoryboardName = LaunchScreen;
				INFOPLIST_KEY_UIMainStoryboardFile = Main;
				INFOPLIST_KEY_UISupportedInterfaceOrientations_iPad = "UIInterfaceOrientationPortrait UIInterfaceOrientationPortraitUpsideDown UIInterfaceOrientationLandscapeLeft UIInterfaceOrientationLandscapeRight";
				INFOPLIST_KEY_UISupportedInterfaceOrientations_iPhone = "UIInterfaceOrientationPortrait UIInterfaceOrientationLandscapeLeft UIInterfaceOrientationLandscapeRight";
				LD_RUNPATH_SEARCH_PATHS = (
					"$(inherited)",
					"@executable_path/Frameworks",
				);
				MARKETING_VERSION = 1.0;
				PRODUCT_BUNDLE_IDENTIFIER = co.directoryap.DirectoryApp;
				PRODUCT_NAME = "$(TARGET_NAME)";
				SWIFT_EMIT_LOC_STRINGS = YES;
				SWIFT_VERSION = 5.0;
				TARGETED_DEVICE_FAMILY = "1,2";
			};
			name = Release;
		};
/* End XCBuildConfiguration section */

/* Begin XCConfigurationList section */
		7F3B9DF728B7A962007778FA /* Build configuration list for PBXNativeTarget "DirectoryAppTests" */ = {
			isa = XCConfigurationList;
			buildConfigurations = (
				7F3B9DF528B7A962007778FA /* Debug */,
				7F3B9DF628B7A962007778FA /* Release */,
			);
			defaultConfigurationIsVisible = 0;
			defaultConfigurationName = Release;
		};
		7FD01ADE28AD01D8003C239D /* Build configuration list for PBXProject "DirectoryApp" */ = {
			isa = XCConfigurationList;
			buildConfigurations = (
				7FD01AF528AD01D9003C239D /* Debug */,
				7FD01AF628AD01D9003C239D /* Release */,
			);
			defaultConfigurationIsVisible = 0;
			defaultConfigurationName = Release;
		};
		7FD01AF728AD01D9003C239D /* Build configuration list for PBXNativeTarget "DirectoryApp" */ = {
			isa = XCConfigurationList;
			buildConfigurations = (
				7FD01AF828AD01D9003C239D /* Debug */,
				7FD01AF928AD01D9003C239D /* Release */,
			);
			defaultConfigurationIsVisible = 0;
			defaultConfigurationName = Release;
		};
/* End XCConfigurationList section */
	};
	rootObject = 7FD01ADB28AD01D8003C239D /* Project object */;
}
